
Microsoft Visual Studio Solution File, Format Version 12.00
# Visual Studio Version 16
VisualStudioVersion = 16.0.29324.140
MinimumVisualStudioVersion = 10.0.40219.1
Project("{FAE04EC0-301F-11D3-BF4B-00C04F79EFBC}") = "MiCalculadora", "MiCalculadora\MiCalculadora.csproj", "{09B9D44B-A622-44E0-8A01-71714F9BED3E}"
EndProject
Project("{FAE04EC0-301F-11D3-BF4B-00C04F79EFBC}") = "Entidades", "Entidades\Entidades.csproj", "{2F5225BC-A343-4B85-9F8A-9A4CE17C84B9}"
EndProject
Global
	GlobalSection(SolutionConfigurationPlatforms) = preSolution
		Debug|Any CPU = Debug|Any CPU
		Release|Any CPU = Release|Any CPU
	EndGlobalSection
	GlobalSection(ProjectConfigurationPlatforms) = postSolution
		{09B9D44B-A622-44E0-8A01-71714F9BED3E}.Debug|Any CPU.ActiveCfg = Debug|Any CPU
		{09B9D44B-A622-44E0-8A01-71714F9BED3E}.Debug|Any CPU.Build.0 = Debug|Any CPU
		{09B9D44B-A622-44E0-8A01-71714F9BED3E}.Release|Any CPU.ActiveCfg = Release|Any CPU
		{09B9D44B-A622-44E0-8A01-71714F9BED3E}.Release|Any CPU.Build.0 = Release|Any CPU
		{2F5225BC-A343-4B85-9F8A-9A4CE17C84B9}.Debug|Any CPU.ActiveCfg = Debug|Any CPU
		{2F5225BC-A343-4B85-9F8A-9A4CE17C84B9}.Debug|Any CPU.Build.0 = Debug|Any CPU
		{2F5225BC-A343-4B85-9F8A-9A4CE17C84B9}.Release|Any CPU.ActiveCfg = Release|Any CPU
		{2F5225BC-A343-4B85-9F8A-9A4CE17C84B9}.Release|Any CPU.Build.0 = Release|Any CPU
	EndGlobalSection
	GlobalSection(SolutionProperties) = preSolution
		HideSolutionNode = FALSE
	EndGlobalSection
	GlobalSection(ExtensibilityGlobals) = postSolution
		SolutionGuid = {A426D08A-3873-401F-A0FC-69EE98C1B00B}
	EndGlobalSection
EndGlobal
